
Microsoft Visual Studio Solution File, Format Version 12.00
# Visual Studio Version 17
VisualStudioVersion = 17.0.31903.59
MinimumVisualStudioVersion = 10.0.40219.1
Project("{2150E333-8FDC-42A3-9474-1A3956D46DE8}") = "src", "src", "{1F66BF5A-2968-49C5-B5CF-EF82948505D8}"
EndProject
Project("{FAE04EC0-301F-11D3-BF4B-00C04F79EFBC}") = "PSSharp.PowerShell.Async", "src\PSSharp.PowerShell.Async\PSSharp.PowerShell.Async.csproj", "{3D9CA57C-586C-4285-8540-99F6ED2476D3}"
EndProject
Project("{2150E333-8FDC-42A3-9474-1A3956D46DE8}") = "tests", "tests", "{195033B0-274B-456D-8997-E79DB1A779D6}"
EndProject
Project("{FAE04EC0-301F-11D3-BF4B-00C04F79EFBC}") = "PSSharp.PowerShell.Async.Tests", "tests\PSSharp.PowerShell.Async.Tests\PSSharp.PowerShell.Async.Tests.csproj", "{7D69F3DE-C163-472C-89D8-905104166EB9}"
EndProject
Global
	GlobalSection(SolutionConfigurationPlatforms) = preSolution
		Debug|Any CPU = Debug|Any CPU
		Release|Any CPU = Release|Any CPU
	EndGlobalSection
	GlobalSection(SolutionProperties) = preSolution
		HideSolutionNode = FALSE
	EndGlobalSection
	GlobalSection(ProjectConfigurationPlatforms) = postSolution
		{3D9CA57C-586C-4285-8540-99F6ED2476D3}.Debug|Any CPU.ActiveCfg = Debug|Any CPU
		{3D9CA57C-586C-4285-8540-99F6ED2476D3}.Debug|Any CPU.Build.0 = Debug|Any CPU
		{3D9CA57C-586C-4285-8540-99F6ED2476D3}.Release|Any CPU.ActiveCfg = Release|Any CPU
		{3D9CA57C-586C-4285-8540-99F6ED2476D3}.Release|Any CPU.Build.0 = Release|Any CPU
		{7D69F3DE-C163-472C-89D8-905104166EB9}.Debug|Any CPU.ActiveCfg = Debug|Any CPU
		{7D69F3DE-C163-472C-89D8-905104166EB9}.Debug|Any CPU.Build.0 = Debug|Any CPU
		{7D69F3DE-C163-472C-89D8-905104166EB9}.Release|Any CPU.ActiveCfg = Release|Any CPU
		{7D69F3DE-C163-472C-89D8-905104166EB9}.Release|Any CPU.Build.0 = Release|Any CPU
	EndGlobalSection
	GlobalSection(NestedProjects) = preSolution
		{3D9CA57C-586C-4285-8540-99F6ED2476D3} = {1F66BF5A-2968-49C5-B5CF-EF82948505D8}
		{7D69F3DE-C163-472C-89D8-905104166EB9} = {195033B0-274B-456D-8997-E79DB1A779D6}
	EndGlobalSection
EndGlobal
